{
  "name": "workspace-images-autofix",
  "version": "1.0.0",
  "lockfileVersion": 3,
  "requires": true,
  "packages": {
    "": {
      "name": "workspace-images-autofix",
      "version": "1.0.0",
      "dependencies": {
        "autofix": "0.6.0"
      }
    },
    "node_modules/autofix": {
      "version": "0.6.0",
      "resolved": "https://registry.npmjs.org/autofix/-/autofix-0.6.0.tgz",
      "integrity": "sha512-Av3sAAHwc5uxre1gXCq66G+xwrcOUCYM6XCq8B68joSYjGzJEYeLAup2ROi37kp9abDv7XDbmnf7vRPWXbPn+A==",
      "license": "MIT",
      "dependencies": {
        "minimist": "1.2.6"
      },
      "bin": {
        "autofix": "bin/autofix"
      }
    },
    "node_modules/minimist": {
      "version": "1.2.6",
      "resolved": "https://registry.npmjs.org/minimist/-/minimist-1.2.6.tgz",
      "integrity": "sha512-Jsjnk4bw3YJqYzbdyBiNsPWHPfO++UGG749Cxs6peCu5Xg4nrena6OVxOYxrQTqww0Jmwt+Ref8rggumkTLz9Q==",
      "license": "MIT"
    }
  }
}
